<?xml version="1.0" encoding="utf-8"?>
<Project ToolsVersion="4.0" xmlns="http://schemas.microsoft.com/developer/msbuild/2003">
  <ItemGroup>
    <Filter Include="src">
      <UniqueIdentifier>{1039ddb5-18f5-4190-bbaf-9b797c7a146a}</UniqueIdentifier>
    </Filter>
    <Filter Include="include">
      <UniqueIdentifier>{9f4bb3a6-1db2-47fb-8d38-c83b70c13041}</UniqueIdentifier>
    </Filter>
    <Filter Include="include\object-oriented">
      <UniqueIdentifier>{8e835bc1-a3b0-484a-b35e-8c050daaa8e7}</UniqueIdentifier>
    </Filter>
    <Filter Include="include\NewFilter1">
      <UniqueIdentifier>{71864925-e65f-440b-b9f4-c7a3cc5191b9}</UniqueIdentifier>
    </Filter>
  </ItemGroup>
  <ItemGroup>
    <ClCompile Include="main.cpp">
      <Filter>src</Filter>
    </ClCompile>
  </ItemGroup>
  <ItemGroup>
    <ClInclude Include="object-oriented\include\derive.h">
      <Filter>include\object-oriented</Filter>
    </ClInclude>
    <ClInclude Include="object-oriented\include\virtualMethod.h">
      <Filter>include\object-oriented</Filter>
    </ClInclude>
    <ClInclude Include="object-oriented\include\virtualDestructors.h">
      <Filter>include\object-oriented</Filter>
    </ClInclude>
  </ItemGroup>
</Project>