<?xml version="1.0" encoding="utf-8"?>
<Project ToolsVersion="4.0" xmlns="http://schemas.microsoft.com/developer/msbuild/2003">
  <ItemGroup>
    <Filter Include="src">
      <UniqueIdentifier>{1039ddb5-18f5-4190-bbaf-9b797c7a146a}</UniqueIdentifier>
    </Filter>
    <Filter Include="include">
      <UniqueIdentifier>{9f4bb3a6-1db2-47fb-8d38-c83b70c13041}</UniqueIdentifier>
    </Filter>
    <Filter Include="include\object-oriented">
      <UniqueIdentifier>{8e835bc1-a3b0-484a-b35e-8c050daaa8e7}</UniqueIdentifier>
    </Filter>
    <Filter Include="include\delete-operator">
      <UniqueIdentifier>{71864925-e65f-440b-b9f4-c7a3cc5191b9}</UniqueIdentifier>
    </Filter>
    <Filter Include="include\pointer">
      <UniqueIdentifier>{8b332afb-49bd-4967-81c1-d5c570bdfb17}</UniqueIdentifier>
    </Filter>
    <Filter Include="include\pointer\opaque-pointer">
      <UniqueIdentifier>{8d4f05ea-b3ae-4182-a86f-0c95fe74a5be}</UniqueIdentifier>
    </Filter>
    <Filter Include="include\function">
      <UniqueIdentifier>{12eda41d-dad4-43a2-aa6b-fd916d4b5e9c}</UniqueIdentifier>
    </Filter>
    <Filter Include="include\pointer\function-pointer">
      <UniqueIdentifier>{22c2b90c-b000-430c-be0b-478c944bea5a}</UniqueIdentifier>
    </Filter>
    <Filter Include="include\other">
      <UniqueIdentifier>{2c1ef2f5-03eb-4a4c-a0f7-04f2458d445f}</UniqueIdentifier>
    </Filter>
    <Filter Include="include\other\assert">
      <UniqueIdentifier>{c1c431f8-ffcb-4639-a2d7-8ff7aa707f16}</UniqueIdentifier>
    </Filter>
    <Filter Include="include\other\template">
      <UniqueIdentifier>{430e2590-b42c-433e-9a34-eb0efc791848}</UniqueIdentifier>
    </Filter>
  </ItemGroup>
  <ItemGroup>
    <ClCompile Include="main.cpp">
      <Filter>src</Filter>
    </ClCompile>
    <ClCompile Include="pointer\opaque-pointer\Image_apple.cpp">
      <Filter>include\pointer\opaque-pointer</Filter>
    </ClCompile>
    <ClCompile Include="pointer\opaque-pointer\Image_windows.cpp">
      <Filter>include\pointer\opaque-pointer</Filter>
    </ClCompile>
  </ItemGroup>
  <ItemGroup>
    <ClInclude Include="operator\delete-operator\delete-operator.h">
      <Filter>include\delete-operator</Filter>
    </ClInclude>
    <ClInclude Include="pointer\opaque-pointer\opaque-pointer-main.h">
      <Filter>include\pointer\opaque-pointer</Filter>
    </ClInclude>
    <ClInclude Include="object-oriented\derive-main.h">
      <Filter>include\object-oriented</Filter>
    </ClInclude>
    <ClInclude Include="object-oriented\virtual-destructors-main.h">
      <Filter>include\object-oriented</Filter>
    </ClInclude>
    <ClInclude Include="object-oriented\virtual-method-main.h">
      <Filter>include\object-oriented</Filter>
    </ClInclude>
    <ClInclude Include="object-oriented\virtual-method-pure-main.h">
      <Filter>include\object-oriented</Filter>
    </ClInclude>
    <ClInclude Include="function\function-return-instance-main.h">
      <Filter>include\function</Filter>
    </ClInclude>
    <ClInclude Include="pointer\function-pointer\fucntion-pointer-main.h">
      <Filter>include\pointer\function-pointer</Filter>
    </ClInclude>
    <ClInclude Include="other\assert\assert-main.h">
      <Filter>include\other\assert</Filter>
    </ClInclude>
    <ClInclude Include="other\template\template-main.h">
      <Filter>include\other\template</Filter>
    </ClInclude>
  </ItemGroup>
</Project>